github.com/google/go-cmp v0.3.1/go.mod h1:8QqcDgzrUqlUb/G2PQTWiueGozuR1884gddMywk6iLU=
github.com/pkg/errors v0.8.1 h1:iURUrRGxPUNPdy5/HRSm+Yj6okJ6UtLINN0Q9M4+h3I=
github.com/pkg/errors v0.8.1/go.mod h1:bwawxfHBFNV+L2hUp1rHADufV3IMtnDRdf1r5NINEl0=
zgo.at/utils v1.2.0 h1:Ohv+XfqyoiSdl9lCbyiDZ5E4YgEXWxxE4Y/holHDiYo=
zgo.at/utils v1.2.0/go.mod h1:7acz1AfMZAOOC1wTi6QbYFie+eA0LRSHE38TwLZsFcA=
zgo.at/ztest v1.0.0/go.mod h1:iTxcAVkHLq73Qnd+a8rlwc6Ayrk8sbnJPsGeapG/y0Q=
